// !$*UTF8*$!
{
	archiveVersion = 1;
	classes = {
	};
	objectVersion = 50;
	objects = {

/* Begin PBXBuildFile section */
		7922B0CA2384819400D3FB84 /* Profile.swift in Sources */ = {isa = PBXBuildFile; fileRef = 7922B0C92384819400D3FB84 /* Profile.swift */; };
		7922B0D22385D1B500D3FB84 /* MainTabBarData.swift in Sources */ = {isa = PBXBuildFile; fileRef = 7922B0D12385D1B500D3FB84 /* MainTabBarData.swift */; };
		7922B0D62385F8F100D3FB84 /* LaunchScreen.storyboard in Resources */ = {isa = PBXBuildFile; fileRef = 7922B0D52385F8F100D3FB84 /* LaunchScreen.storyboard */; };
		7922B10823862B8B00D3FB84 /* FavoriteLocations.swift in Sources */ = {isa = PBXBuildFile; fileRef = 7922B10723862B8B00D3FB84 /* FavoriteLocations.swift */; };
		7922B10A23862B9C00D3FB84 /* FavoriteIdeas.swift in Sources */ = {isa = PBXBuildFile; fileRef = 7922B10923862B9C00D3FB84 /* FavoriteIdeas.swift */; };
		7922B10C23862D5600D3FB84 /* EditProfile.swift in Sources */ = {isa = PBXBuildFile; fileRef = 7922B10B23862D5600D3FB84 /* EditProfile.swift */; };
		F32B1184238478F500FDBF46 /* AppDelegate.swift in Sources */ = {isa = PBXBuildFile; fileRef = F32B1183238478F500FDBF46 /* AppDelegate.swift */; };
		F32B1186238478F500FDBF46 /* SceneDelegate.swift in Sources */ = {isa = PBXBuildFile; fileRef = F32B1185238478F500FDBF46 /* SceneDelegate.swift */; };
		F32B1189238478F500FDBF46 /* Luv.xcdatamodeld in Sources */ = {isa = PBXBuildFile; fileRef = F32B1187238478F500FDBF46 /* Luv.xcdatamodeld */; };
		F32B118B238478F500FDBF46 /* ContentView.swift in Sources */ = {isa = PBXBuildFile; fileRef = F32B118A238478F500FDBF46 /* ContentView.swift */; };
		F32B118D238478F800FDBF46 /* Assets.xcassets in Resources */ = {isa = PBXBuildFile; fileRef = F32B118C238478F800FDBF46 /* Assets.xcassets */; };
		F32B1190238478F800FDBF46 /* Preview Assets.xcassets in Resources */ = {isa = PBXBuildFile; fileRef = F32B118F238478F800FDBF46 /* Preview Assets.xcassets */; };
		F32B11A22384798600FDBF46 /* Top10.swift in Sources */ = {isa = PBXBuildFile; fileRef = F32B11A12384798600FDBF46 /* Top10.swift */; };
		F32B11A42384798F00FDBF46 /* Locations.swift in Sources */ = {isa = PBXBuildFile; fileRef = F32B11A32384798F00FDBF46 /* Locations.swift */; };
/* End PBXBuildFile section */

/* Begin PBXFileReference section */
		7922B0C92384819400D3FB84 /* Profile.swift */ = {isa = PBXFileReference; lastKnownFileType = sourcecode.swift; path = Profile.swift; sourceTree = "<group>"; };
		7922B0D12385D1B500D3FB84 /* MainTabBarData.swift */ = {isa = PBXFileReference; lastKnownFileType = sourcecode.swift; path = MainTabBarData.swift; sourceTree = "<group>"; };
		7922B0D52385F8F100D3FB84 /* LaunchScreen.storyboard */ = {isa = PBXFileReference; lastKnownFileType = file.storyboard; path = LaunchScreen.storyboard; sourceTree = "<group>"; };
		7922B10723862B8B00D3FB84 /* FavoriteLocations.swift */ = {isa = PBXFileReference; lastKnownFileType = sourcecode.swift; path = FavoriteLocations.swift; sourceTree = "<group>"; };
		7922B10923862B9C00D3FB84 /* FavoriteIdeas.swift */ = {isa = PBXFileReference; lastKnownFileType = sourcecode.swift; path = FavoriteIdeas.swift; sourceTree = "<group>"; };
		7922B10B23862D5600D3FB84 /* EditProfile.swift */ = {isa = PBXFileReference; lastKnownFileType = sourcecode.swift; path = EditProfile.swift; sourceTree = "<group>"; };
		F32B1180238478F500FDBF46 /* Luv.app */ = {isa = PBXFileReference; explicitFileType = wrapper.application; includeInIndex = 0; path = Luv.app; sourceTree = BUILT_PRODUCTS_DIR; };
		F32B1183238478F500FDBF46 /* AppDelegate.swift */ = {isa = PBXFileReference; lastKnownFileType = sourcecode.swift; path = AppDelegate.swift; sourceTree = "<group>"; };
		F32B1185238478F500FDBF46 /* SceneDelegate.swift */ = {isa = PBXFileReference; lastKnownFileType = sourcecode.swift; path = SceneDelegate.swift; sourceTree = "<group>"; };
		F32B1188238478F500FDBF46 /* Luv.xcdatamodel */ = {isa = PBXFileReference; lastKnownFileType = wrapper.xcdatamodel; path = Luv.xcdatamodel; sourceTree = "<group>"; };
		F32B118A238478F500FDBF46 /* ContentView.swift */ = {isa = PBXFileReference; lastKnownFileType = sourcecode.swift; path = ContentView.swift; sourceTree = "<group>"; };
		F32B118C238478F800FDBF46 /* Assets.xcassets */ = {isa = PBXFileReference; lastKnownFileType = folder.assetcatalog; path = Assets.xcassets; sourceTree = "<group>"; };
		F32B118F238478F800FDBF46 /* Preview Assets.xcassets */ = {isa = PBXFileReference; lastKnownFileType = folder.assetcatalog; path = "Preview Assets.xcassets"; sourceTree = "<group>"; };
		F32B1194238478F800FDBF46 /* Info.plist */ = {isa = PBXFileReference; lastKnownFileType = text.plist.xml; path = Info.plist; sourceTree = "<group>"; };
		F32B11A12384798600FDBF46 /* Top10.swift */ = {isa = PBXFileReference; lastKnownFileType = sourcecode.swift; path = Top10.swift; sourceTree = "<group>"; };
		F32B11A32384798F00FDBF46 /* Locations.swift */ = {isa = PBXFileReference; lastKnownFileType = sourcecode.swift; path = Locations.swift; sourceTree = "<group>"; };
/* End PBXFileReference section */

/* Begin PBXFrameworksBuildPhase section */
		F32B117D238478F500FDBF46 /* Frameworks */ = {
			isa = PBXFrameworksBuildPhase;
			buildActionMask = 2147483647;
			files = (
			);
			runOnlyForDeploymentPostprocessing = 0;
		};
/* End PBXFrameworksBuildPhase section */

/* Begin PBXGroup section */
		F32B1177238478F500FDBF46 = {
			isa = PBXGroup;
			children = (
				F32B1182238478F500FDBF46 /* Luv */,
				F32B1181238478F500FDBF46 /* Products */,
			);
			sourceTree = "<group>";
		};
		F32B1181238478F500FDBF46 /* Products */ = {
			isa = PBXGroup;
			children = (
				F32B1180238478F500FDBF46 /* Luv.app */,
			);
			name = Products;
			sourceTree = "<group>";
		};
		F32B1182238478F500FDBF46 /* Luv */ = {
			isa = PBXGroup;
			children = (
				F32B119D2384796A00FDBF46 /* Locations */,
				F32B119C2384796300FDBF46 /* Top 10 */,
				F32B119B2384794200FDBF46 /* Profile */,
				F32B1183238478F500FDBF46 /* AppDelegate.swift */,
				F32B1185238478F500FDBF46 /* SceneDelegate.swift */,
				F32B118A238478F500FDBF46 /* ContentView.swift */,
				F32B118C238478F800FDBF46 /* Assets.xcassets */,
				F32B1194238478F800FDBF46 /* Info.plist */,
				F32B1187238478F500FDBF46 /* Luv.xcdatamodeld */,
				F32B118E238478F800FDBF46 /* Preview Content */,
				7922B0D12385D1B500D3FB84 /* MainTabBarData.swift */,
				7922B0D52385F8F100D3FB84 /* LaunchScreen.storyboard */,
			);
			path = Luv;
			sourceTree = "<group>";
		};
		F32B118E238478F800FDBF46 /* Preview Content */ = {
			isa = PBXGroup;
			children = (
				F32B118F238478F800FDBF46 /* Preview Assets.xcassets */,
			);
			path = "Preview Content";
			sourceTree = "<group>";
		};
		F32B119B2384794200FDBF46 /* Profile */ = {
			isa = PBXGroup;
			children = (
				7922B10723862B8B00D3FB84 /* FavoriteLocations.swift */,
				7922B10923862B9C00D3FB84 /* FavoriteIdeas.swift */,
				7922B10B23862D5600D3FB84 /* EditProfile.swift */,
				7922B0C92384819400D3FB84 /* Profile.swift */,
			);
			name = Profile;
			sourceTree = "<group>";
		};
		F32B119C2384796300FDBF46 /* Top 10 */ = {
			isa = PBXGroup;
			children = (
				F32B11A12384798600FDBF46 /* Top10.swift */,
			);
			name = "Top 10";
			sourceTree = "<group>";
		};
		F32B119D2384796A00FDBF46 /* Locations */ = {
			isa = PBXGroup;
			children = (
				F32B11A32384798F00FDBF46 /* Locations.swift */,
			);
			name = Locations;
			sourceTree = "<group>";
		};
/* End PBXGroup section */

/* Begin PBXNativeTarget section */
		F32B117F238478F500FDBF46 /* Luv */ = {
			isa = PBXNativeTarget;
			buildConfigurationList = F32B1197238478F800FDBF46 /* Build configuration list for PBXNativeTarget "Luv" */;
			buildPhases = (
				F32B117C238478F500FDBF46 /* Sources */,
				F32B117D238478F500FDBF46 /* Frameworks */,
				F32B117E238478F500FDBF46 /* Resources */,
			);
			buildRules = (
			);
			dependencies = (
			);
			name = Luv;
			productName = Luv;
			productReference = F32B1180238478F500FDBF46 /* Luv.app */;
			productType = "com.apple.product-type.application";
		};
/* End PBXNativeTarget section */

/* Begin PBXProject section */
		F32B1178238478F500FDBF46 /* Project object */ = {
			isa = PBXProject;
			attributes = {
				LastSwiftUpdateCheck = 1120;
				LastUpgradeCheck = 1120;
				ORGANIZATIONNAME = "Rishabh Anand";
				TargetAttributes = {
					F32B117F238478F500FDBF46 = {
						CreatedOnToolsVersion = 11.2.1;
					};
				};
			};
			buildConfigurationList = F32B117B238478F500FDBF46 /* Build configuration list for PBXProject "Luv" */;
			compatibilityVersion = "Xcode 9.3";
			developmentRegion = en;
			hasScannedForEncodings = 0;
			knownRegions = (
				en,
				Base,
			);
			mainGroup = F32B1177238478F500FDBF46;
			productRefGroup = F32B1181238478F500FDBF46 /* Products */;
			projectDirPath = "";
			projectRoot = "";
			targets = (
				F32B117F238478F500FDBF46 /* Luv */,
			);
		};
/* End PBXProject section */

/* Begin PBXResourcesBuildPhase section */
		F32B117E238478F500FDBF46 /* Resources */ = {
			isa = PBXResourcesBuildPhase;
			buildActionMask = 2147483647;
			files = (
				7922B0D62385F8F100D3FB84 /* LaunchScreen.storyboard in Resources */,
				F32B1190238478F800FDBF46 /* Preview Assets.xcassets in Resources */,
				F32B118D238478F800FDBF46 /* Assets.xcassets in Resources */,
			);
			runOnlyForDeploymentPostprocessing = 0;
		};
/* End PBXResourcesBuildPhase section */

/* Begin PBXSourcesBuildPhase section */
		F32B117C238478F500FDBF46 /* Sources */ = {
			isa = PBXSourcesBuildPhase;
			buildActionMask = 2147483647;
			files = (
				7922B10823862B8B00D3FB84 /* FavoriteLocations.swift in Sources */,
				7922B10A23862B9C00D3FB84 /* FavoriteIdeas.swift in Sources */,
				F32B1184238478F500FDBF46 /* AppDelegate.swift in Sources */,
				7922B0CA2384819400D3FB84 /* Profile.swift in Sources */,
				F32B1189238478F500FDBF46 /* Luv.xcdatamodeld in Sources */,
				F32B11A42384798F00FDBF46 /* Locations.swift in Sources */,
				F32B118B238478F500FDBF46 /* ContentView.swift in Sources */,
				7922B0D22385D1B500D3FB84 /* MainTabBarData.swift in Sources */,
				F32B11A22384798600FDBF46 /* Top10.swift in Sources */,
				F32B1186238478F500FDBF46 /* SceneDelegate.swift in Sources */,
				7922B10C23862D5600D3FB84 /* EditProfile.swift in Sources */,
			);
			runOnlyForDeploymentPostprocessing = 0;
		};
/* End PBXSourcesBuildPhase section */

/* Begin XCBuildConfiguration section */
		F32B1195238478F800FDBF46 /* Debug */ = {
			isa = XCBuildConfiguration;
			buildSettings = {
				ALWAYS_SEARCH_USER_PATHS = NO;
				CLANG_ANALYZER_NONNULL = YES;
				CLANG_ANALYZER_NUMBER_OBJECT_CONVERSION = YES_AGGRESSIVE;
				CLANG_CXX_LANGUAGE_STANDARD = "gnu++14";
				CLANG_CXX_LIBRARY = "libc++";
				CLANG_ENABLE_MODULES = YES;
				CLANG_ENABLE_OBJC_ARC = YES;
				CLANG_ENABLE_OBJC_WEAK = YES;
				CLANG_WARN_BLOCK_CAPTURE_AUTORELEASING = YES;
				CLANG_WARN_BOOL_CONVERSION = YES;
				CLANG_WARN_COMMA = YES;
				CLANG_WARN_CONSTANT_CONVERSION = YES;
				CLANG_WARN_DEPRECATED_OBJC_IMPLEMENTATIONS = YES;
				CLANG_WARN_DIRECT_OBJC_ISA_USAGE = YES_ERROR;
				CLANG_WARN_DOCUMENTATION_COMMENTS = YES;
				CLANG_WARN_EMPTY_BODY = YES;
				CLANG_WARN_ENUM_CONVERSION = YES;
				CLANG_WARN_INFINITE_RECURSION = YES;
				CLANG_WARN_INT_CONVERSION = YES;
				CLANG_WARN_NON_LITERAL_NULL_CONVERSION = YES;
				CLANG_WARN_OBJC_IMPLICIT_RETAIN_SELF = YES;
				CLANG_WARN_OBJC_LITERAL_CONVERSION = YES;
				CLANG_WARN_OBJC_ROOT_CLASS = YES_ERROR;
				CLANG_WARN_RANGE_LOOP_ANALYSIS = YES;
				CLANG_WARN_STRICT_PROTOTYPES = YES;
				CLANG_WARN_SUSPICIOUS_MOVE = YES;
				CLANG_WARN_UNGUARDED_AVAILABILITY = YES_AGGRESSIVE;
				CLANG_WARN_UNREACHABLE_CODE = YES;
				CLANG_WARN__DUPLICATE_METHOD_MATCH = YES;
				COPY_PHASE_STRIP = NO;
				DEBUG_INFORMATION_FORMAT = dwarf;
				ENABLE_STRICT_OBJC_MSGSEND = YES;
				ENABLE_TESTABILITY = YES;
				GCC_C_LANGUAGE_STANDARD = gnu11;
				GCC_DYNAMIC_NO_PIC = NO;
				GCC_NO_COMMON_BLOCKS = YES;
				GCC_OPTIMIZATION_LEVEL = 0;
				GCC_PREPROCESSOR_DEFINITIONS = (
					"DEBUG=1",
					"$(inherited)",
				);
				GCC_WARN_64_TO_32_BIT_CONVERSION = YES;
				GCC_WARN_ABOUT_RETURN_TYPE = YES_ERROR;
				GCC_WARN_UNDECLARED_SELECTOR = YES;
				GCC_WARN_UNINITIALIZED_AUTOS = YES_AGGRESSIVE;
				GCC_WARN_UNUSED_FUNCTION = YES;
				GCC_WARN_UNUSED_VARIABLE = YES;
				IPHONEOS_DEPLOYMENT_TARGET = 13.2;
				MTL_ENABLE_DEBUG_INFO = INCLUDE_SOURCE;
				MTL_FAST_MATH = YES;
				ONLY_ACTIVE_ARCH = YES;
				SDKROOT = iphoneos;
				SWIFT_ACTIVE_COMPILATION_CONDITIONS = DEBUG;
				SWIFT_OPTIMIZATION_LEVEL = "-Onone";
			};
			name = Debug;
		};
		F32B1196238478F800FDBF46 /* Release */ = {
			isa = XCBuildConfiguration;
			buildSettings = {
				ALWAYS_SEARCH_USER_PATHS = NO;
				CLANG_ANALYZER_NONNULL = YES;
				CLANG_ANALYZER_NUMBER_OBJECT_CONVERSION = YES_AGGRESSIVE;
				CLANG_CXX_LANGUAGE_STANDARD = "gnu++14";
				CLANG_CXX_LIBRARY = "libc++";
				CLANG_ENABLE_MODULES = YES;
				CLANG_ENABLE_OBJC_ARC = YES;
				CLANG_ENABLE_OBJC_WEAK = YES;
				CLANG_WARN_BLOCK_CAPTURE_AUTORELEASING = YES;
				CLANG_WARN_BOOL_CONVERSION = YES;
				CLANG_WARN_COMMA = YES;
				CLANG_WARN_CONSTANT_CONVERSION = YES;
				CLANG_WARN_DEPRECATED_OBJC_IMPLEMENTATIONS = YES;
				CLANG_WARN_DIRECT_OBJC_ISA_USAGE = YES_ERROR;
				CLANG_WARN_DOCUMENTATION_COMMENTS = YES;
				CLANG_WARN_EMPTY_BODY = YES;
				CLANG_WARN_ENUM_CONVERSION = YES;
				CLANG_WARN_INFINITE_RECURSION = YES;
				CLANG_WARN_INT_CONVERSION = YES;
				CLANG_WARN_NON_LITERAL_NULL_CONVERSION = YES;
				CLANG_WARN_OBJC_IMPLICIT_RETAIN_SELF = YES;
				CLANG_WARN_OBJC_LITERAL_CONVERSION = YES;
				CLANG_WARN_OBJC_ROOT_CLASS = YES_ERROR;
				CLANG_WARN_RANGE_LOOP_ANALYSIS = YES;
				CLANG_WARN_STRICT_PROTOTYPES = YES;
				CLANG_WARN_SUSPICIOUS_MOVE = YES;
				CLANG_WARN_UNGUARDED_AVAILABILITY = YES_AGGRESSIVE;
				CLANG_WARN_UNREACHABLE_CODE = YES;
				CLANG_WARN__DUPLICATE_METHOD_MATCH = YES;
				COPY_PHASE_STRIP = NO;
				DEBUG_INFORMATION_FORMAT = "dwarf-with-dsym";
				ENABLE_NS_ASSERTIONS = NO;
				ENABLE_STRICT_OBJC_MSGSEND = YES;
				GCC_C_LANGUAGE_STANDARD = gnu11;
				GCC_NO_COMMON_BLOCKS = YES;
				GCC_WARN_64_TO_32_BIT_CONVERSION = YES;
				GCC_WARN_ABOUT_RETURN_TYPE = YES_ERROR;
				GCC_WARN_UNDECLARED_SELECTOR = YES;
				GCC_WARN_UNINITIALIZED_AUTOS = YES_AGGRESSIVE;
				GCC_WARN_UNUSED_FUNCTION = YES;
				GCC_WARN_UNUSED_VARIABLE = YES;
				IPHONEOS_DEPLOYMENT_TARGET = 13.2;
				MTL_ENABLE_DEBUG_INFO = NO;
				MTL_FAST_MATH = YES;
				SDKROOT = iphoneos;
				SWIFT_COMPILATION_MODE = wholemodule;
				SWIFT_OPTIMIZATION_LEVEL = "-O";
				VALIDATE_PRODUCT = YES;
			};
			name = Release;
		};
		F32B1198238478F800FDBF46 /* Debug */ = {
			isa = XCBuildConfiguration;
			buildSettings = {
				ASSETCATALOG_COMPILER_APPICON_NAME = AppIcon;
				CODE_SIGN_STYLE = Automatic;
				DEVELOPMENT_ASSET_PATHS = "\"Luv/Preview Content\"";
				DEVELOPMENT_TEAM = 543GT475JX;
				ENABLE_PREVIEWS = YES;
				INFOPLIST_FILE = Luv/Info.plist;
				LD_RUNPATH_SEARCH_PATHS = (
					"$(inherited)",
					"@executable_path/Frameworks",
				);
				PRODUCT_BUNDLE_IDENTIFIER = com.rishabhanand.Luv;
				PRODUCT_NAME = "$(TARGET_NAME)";
				SWIFT_VERSION = 5.0;
				TARGETED_DEVICE_FAMILY = "1,2";
			};
			name = Debug;
		};
		F32B1199238478F800FDBF46 /* Release */ = {
			isa = XCBuildConfiguration;
			buildSettings = {
				ASSETCATALOG_COMPILER_APPICON_NAME = AppIcon;
				CODE_SIGN_STYLE = Automatic;
				DEVELOPMENT_ASSET_PATHS = "\"Luv/Preview Content\"";
				DEVELOPMENT_TEAM = 543GT475JX;
				ENABLE_PREVIEWS = YES;
				INFOPLIST_FILE = Luv/Info.plist;
				LD_RUNPATH_SEARCH_PATHS = (
					"$(inherited)",
					"@executable_path/Frameworks",
				);
				PRODUCT_BUNDLE_IDENTIFIER = com.rishabhanand.Luv;
				PRODUCT_NAME = "$(TARGET_NAME)";
				SWIFT_VERSION = 5.0;
				TARGETED_DEVICE_FAMILY = "1,2";
			};
			name = Release;
		};
/* End XCBuildConfiguration section */

/* Begin XCConfigurationList section */
		F32B117B238478F500FDBF46 /* Build configuration list for PBXProject "Luv" */ = {
			isa = XCConfigurationList;
			buildConfigurations = (
				F32B1195238478F800FDBF46 /* Debug */,
				F32B1196238478F800FDBF46 /* Release */,
			);
			defaultConfigurationIsVisible = 0;
			defaultConfigurationName = Release;
		};
		F32B1197238478F800FDBF46 /* Build configuration list for PBXNativeTarget "Luv" */ = {
			isa = XCConfigurationList;
			buildConfigurations = (
				F32B1198238478F800FDBF46 /* Debug */,
				F32B1199238478F800FDBF46 /* Release */,
			);
			defaultConfigurationIsVisible = 0;
			defaultConfigurationName = Release;
		};
/* End XCConfigurationList section */

/* Begin XCVersionGroup section */
		F32B1187238478F500FDBF46 /* Luv.xcdatamodeld */ = {
			isa = XCVersionGroup;
			children = (
				F32B1188238478F500FDBF46 /* Luv.xcdatamodel */,
			);
			currentVersion = F32B1188238478F500FDBF46 /* Luv.xcdatamodel */;
			path = Luv.xcdatamodeld;
			sourceTree = "<group>";
			versionGroupType = wrapper.xcdatamodel;
		};
/* End XCVersionGroup section */
	};
	rootObject = F32B1178238478F500FDBF46 /* Project object */;
}
